
Microsoft Visual Studio Solution File, Format Version 12.00
# Visual Studio 15
VisualStudioVersion = 15.0.26124.0
MinimumVisualStudioVersion = 15.0.26124.0
Project("{FAE04EC0-301F-11D3-BF4B-00C04F79EFBC}") = "QuTask.WordFinder", "QuTask.WordFinder\QuTask.WordFinder.csproj", "{FEC2CB76-03F6-44A2-8E8C-FDE5A8E5F462}"
EndProject
Project("{FAE04EC0-301F-11D3-BF4B-00C04F79EFBC}") = "QuTask.Tests", "QuTask.Tests\QuTask.Tests.csproj", "{0D071331-3F40-41D3-86CD-6300B0FF9AC6}"
EndProject
Project("{FAE04EC0-301F-11D3-BF4B-00C04F79EFBC}") = "QuTask.Runner", "QuTask.Runner\QuTask.Runner.csproj", "{91C218CE-C982-4E90-8593-CE85F9D6CE02}"
EndProject
Project("{FAE04EC0-301F-11D3-BF4B-00C04F79EFBC}") = "QuTask.Tools", "QuTask.Tools\QuTask.Tools.csproj", "{EA643D64-1844-4237-92D3-6299775A12DE}"
EndProject
Global
	GlobalSection(SolutionConfigurationPlatforms) = preSolution
		Debug|Any CPU = Debug|Any CPU
		Debug|x64 = Debug|x64
		Debug|x86 = Debug|x86
		Release|Any CPU = Release|Any CPU
		Release|x64 = Release|x64
		Release|x86 = Release|x86
	EndGlobalSection
	GlobalSection(SolutionProperties) = preSolution
		HideSolutionNode = FALSE
	EndGlobalSection
	GlobalSection(ProjectConfigurationPlatforms) = postSolution
		{FEC2CB76-03F6-44A2-8E8C-FDE5A8E5F462}.Debug|Any CPU.ActiveCfg = Debug|Any CPU
		{FEC2CB76-03F6-44A2-8E8C-FDE5A8E5F462}.Debug|Any CPU.Build.0 = Debug|Any CPU
		{FEC2CB76-03F6-44A2-8E8C-FDE5A8E5F462}.Debug|x64.ActiveCfg = Debug|Any CPU
		{FEC2CB76-03F6-44A2-8E8C-FDE5A8E5F462}.Debug|x64.Build.0 = Debug|Any CPU
		{FEC2CB76-03F6-44A2-8E8C-FDE5A8E5F462}.Debug|x86.ActiveCfg = Debug|Any CPU
		{FEC2CB76-03F6-44A2-8E8C-FDE5A8E5F462}.Debug|x86.Build.0 = Debug|Any CPU
		{FEC2CB76-03F6-44A2-8E8C-FDE5A8E5F462}.Release|Any CPU.ActiveCfg = Release|Any CPU
		{FEC2CB76-03F6-44A2-8E8C-FDE5A8E5F462}.Release|Any CPU.Build.0 = Release|Any CPU
		{FEC2CB76-03F6-44A2-8E8C-FDE5A8E5F462}.Release|x64.ActiveCfg = Release|Any CPU
		{FEC2CB76-03F6-44A2-8E8C-FDE5A8E5F462}.Release|x64.Build.0 = Release|Any CPU
		{FEC2CB76-03F6-44A2-8E8C-FDE5A8E5F462}.Release|x86.ActiveCfg = Release|Any CPU
		{FEC2CB76-03F6-44A2-8E8C-FDE5A8E5F462}.Release|x86.Build.0 = Release|Any CPU
		{0D071331-3F40-41D3-86CD-6300B0FF9AC6}.Debug|Any CPU.ActiveCfg = Debug|Any CPU
		{0D071331-3F40-41D3-86CD-6300B0FF9AC6}.Debug|Any CPU.Build.0 = Debug|Any CPU
		{0D071331-3F40-41D3-86CD-6300B0FF9AC6}.Debug|x64.ActiveCfg = Debug|Any CPU
		{0D071331-3F40-41D3-86CD-6300B0FF9AC6}.Debug|x64.Build.0 = Debug|Any CPU
		{0D071331-3F40-41D3-86CD-6300B0FF9AC6}.Debug|x86.ActiveCfg = Debug|Any CPU
		{0D071331-3F40-41D3-86CD-6300B0FF9AC6}.Debug|x86.Build.0 = Debug|Any CPU
		{0D071331-3F40-41D3-86CD-6300B0FF9AC6}.Release|Any CPU.ActiveCfg = Release|Any CPU
		{0D071331-3F40-41D3-86CD-6300B0FF9AC6}.Release|Any CPU.Build.0 = Release|Any CPU
		{0D071331-3F40-41D3-86CD-6300B0FF9AC6}.Release|x64.ActiveCfg = Release|Any CPU
		{0D071331-3F40-41D3-86CD-6300B0FF9AC6}.Release|x64.Build.0 = Release|Any CPU
		{0D071331-3F40-41D3-86CD-6300B0FF9AC6}.Release|x86.ActiveCfg = Release|Any CPU
		{0D071331-3F40-41D3-86CD-6300B0FF9AC6}.Release|x86.Build.0 = Release|Any CPU
		{91C218CE-C982-4E90-8593-CE85F9D6CE02}.Debug|Any CPU.ActiveCfg = Debug|Any CPU
		{91C218CE-C982-4E90-8593-CE85F9D6CE02}.Debug|Any CPU.Build.0 = Debug|Any CPU
		{91C218CE-C982-4E90-8593-CE85F9D6CE02}.Debug|x64.ActiveCfg = Debug|Any CPU
		{91C218CE-C982-4E90-8593-CE85F9D6CE02}.Debug|x64.Build.0 = Debug|Any CPU
		{91C218CE-C982-4E90-8593-CE85F9D6CE02}.Debug|x86.ActiveCfg = Debug|Any CPU
		{91C218CE-C982-4E90-8593-CE85F9D6CE02}.Debug|x86.Build.0 = Debug|Any CPU
		{91C218CE-C982-4E90-8593-CE85F9D6CE02}.Release|Any CPU.ActiveCfg = Release|Any CPU
		{91C218CE-C982-4E90-8593-CE85F9D6CE02}.Release|Any CPU.Build.0 = Release|Any CPU
		{91C218CE-C982-4E90-8593-CE85F9D6CE02}.Release|x64.ActiveCfg = Release|Any CPU
		{91C218CE-C982-4E90-8593-CE85F9D6CE02}.Release|x64.Build.0 = Release|Any CPU
		{91C218CE-C982-4E90-8593-CE85F9D6CE02}.Release|x86.ActiveCfg = Release|Any CPU
		{91C218CE-C982-4E90-8593-CE85F9D6CE02}.Release|x86.Build.0 = Release|Any CPU
		{EA643D64-1844-4237-92D3-6299775A12DE}.Debug|Any CPU.ActiveCfg = Debug|Any CPU
		{EA643D64-1844-4237-92D3-6299775A12DE}.Debug|Any CPU.Build.0 = Debug|Any CPU
		{EA643D64-1844-4237-92D3-6299775A12DE}.Debug|x64.ActiveCfg = Debug|Any CPU
		{EA643D64-1844-4237-92D3-6299775A12DE}.Debug|x64.Build.0 = Debug|Any CPU
		{EA643D64-1844-4237-92D3-6299775A12DE}.Debug|x86.ActiveCfg = Debug|Any CPU
		{EA643D64-1844-4237-92D3-6299775A12DE}.Debug|x86.Build.0 = Debug|Any CPU
		{EA643D64-1844-4237-92D3-6299775A12DE}.Release|Any CPU.ActiveCfg = Release|Any CPU
		{EA643D64-1844-4237-92D3-6299775A12DE}.Release|Any CPU.Build.0 = Release|Any CPU
		{EA643D64-1844-4237-92D3-6299775A12DE}.Release|x64.ActiveCfg = Release|Any CPU
		{EA643D64-1844-4237-92D3-6299775A12DE}.Release|x64.Build.0 = Release|Any CPU
		{EA643D64-1844-4237-92D3-6299775A12DE}.Release|x86.ActiveCfg = Release|Any CPU
		{EA643D64-1844-4237-92D3-6299775A12DE}.Release|x86.Build.0 = Release|Any CPU
	EndGlobalSection
EndGlobal
